
Microsoft Visual Studio Solution File, Format Version 12.00
# Visual Studio Version 17
VisualStudioVersion = 17.5.33424.131
MinimumVisualStudioVersion = 10.0.40219.1
Project("{FAE04EC0-301F-11D3-BF4B-00C04F79EFBC}") = "ParkingLot.API", "ParkingLot.API.csproj", "{A82163FC-630B-4B91-B91C-19A3B9FBEFE0}"
EndProject
Project("{FAE04EC0-301F-11D3-BF4B-00C04F79EFBC}") = "ParkingLot.Infrastructure", "..\ParkingLot.Infrastructure\ParkingLot.Infrastructure.csproj", "{DB4316A4-5A3C-473C-9A1E-73FFEC31BE0F}"
EndProject
Project("{2150E333-8FDC-42A3-9474-1A3956D46DE8}") = "Solution Items", "Solution Items", "{B1BA6B5D-52E5-4D1B-8F66-9E7697BECBF3}"
	ProjectSection(SolutionItems) = preProject
		ReadMe.md = ReadMe.md
	EndProjectSection
EndProject
Project("{2150E333-8FDC-42A3-9474-1A3956D46DE8}") = "Src", "Src", "{97B31DB6-6337-4A92-8E73-55AF827667F3}"
EndProject
Global
	GlobalSection(SolutionConfigurationPlatforms) = preSolution
		Debug|Any CPU = Debug|Any CPU
		Release|Any CPU = Release|Any CPU
	EndGlobalSection
	GlobalSection(ProjectConfigurationPlatforms) = postSolution
		{A82163FC-630B-4B91-B91C-19A3B9FBEFE0}.Debug|Any CPU.ActiveCfg = Debug|Any CPU
		{A82163FC-630B-4B91-B91C-19A3B9FBEFE0}.Debug|Any CPU.Build.0 = Debug|Any CPU
		{A82163FC-630B-4B91-B91C-19A3B9FBEFE0}.Release|Any CPU.ActiveCfg = Release|Any CPU
		{A82163FC-630B-4B91-B91C-19A3B9FBEFE0}.Release|Any CPU.Build.0 = Release|Any CPU
		{DB4316A4-5A3C-473C-9A1E-73FFEC31BE0F}.Debug|Any CPU.ActiveCfg = Debug|Any CPU
		{DB4316A4-5A3C-473C-9A1E-73FFEC31BE0F}.Debug|Any CPU.Build.0 = Debug|Any CPU
		{DB4316A4-5A3C-473C-9A1E-73FFEC31BE0F}.Release|Any CPU.ActiveCfg = Release|Any CPU
		{DB4316A4-5A3C-473C-9A1E-73FFEC31BE0F}.Release|Any CPU.Build.0 = Release|Any CPU
	EndGlobalSection
	GlobalSection(SolutionProperties) = preSolution
		HideSolutionNode = FALSE
	EndGlobalSection
	GlobalSection(NestedProjects) = preSolution
		{A82163FC-630B-4B91-B91C-19A3B9FBEFE0} = {97B31DB6-6337-4A92-8E73-55AF827667F3}
	EndGlobalSection
	GlobalSection(ExtensibilityGlobals) = postSolution
		SolutionGuid = {255EE6CB-B2B0-4AC7-89A8-528F91DA3A38}
	EndGlobalSection
EndGlobal
